{
    "_readme": [
        "This file locks the dependencies of your project to a known state",
        "Read more about it at https://getcomposer.org/doc/01-basic-usage.md#installing-dependencies",
        "This file is @generated automatically"
    ],
    "content-hash": "b01f836e4170d0b240b1dfa6a98bf6a6",
    "packages": [
        {
            "name": "amphp/hpack",
            "version": "dev-master",
            "source": {
                "type": "git",
                "url": "https://github.com/amphp/hpack.git",
                "reference": "4f293064b15682a2b178b1367ddf0b8b5feb0239"
            },
            "dist": {
                "type": "zip",
                "url": "https://api.github.com/repos/amphp/hpack/zipball/4f293064b15682a2b178b1367ddf0b8b5feb0239",
                "reference": "4f293064b15682a2b178b1367ddf0b8b5feb0239",
                "shasum": ""
            },
            "require": {
                "php": ">=7.1"
            },
            "require-dev": {
                "amphp/php-cs-fixer-config": "^2",
                "http2jp/hpack-test-case": "^1",
                "nikic/php-fuzzer": "^0.0.10",
                "phpunit/phpunit": "^7 | ^8 | ^9"
            },
            "default-branch": true,
            "type": "library",
            "extra": {
                "branch-alias": {
                    "dev-master": "3.x-dev"
                }
            },
            "autoload": {
                "psr-4": {
                    "Amp\\Http\\": "src"
                }
            },
            "notification-url": "https://packagist.org/downloads/",
            "license": [
                "MIT"
            ],
            "authors": [
                {
                    "name": "Daniel Lowrey",
                    "email": "rdlowrey@php.net"
                },
                {
                    "name": "Bob Weinand"
                },
                {
                    "name": "Niklas Keller",
                    "email": "me@kelunik.com"
                },
                {
                    "name": "Aaron Piotrowski",
                    "email": "aaron@trowski.com"
                }
            ],
            "description": "HTTP/2 HPack implementation.",
            "homepage": "https://github.com/amphp/hpack",
            "keywords": [
                "headers",
                "hpack",
                "http-2"
            ],
            "support": {
                "issues": "https://github.com/amphp/hpack/issues",
                "source": "https://github.com/amphp/hpack/tree/v3.2.1"
            },
            "funding": [
                {
                    "url": "https://github.com/amphp",
                    "type": "github"
                }
            ],
            "time": "2024-03-21T19:00:16+00:00"
        },
        {
            "name": "charm/options",
            "version": "1.1.1",
            "source": {
                "type": "git",
                "url": "https://bitbucket.org/ennerd/charm-options.git",
                "reference": "5f543788815ead573c9faeed2314969eef86677f"
            },
            "dist": {
                "type": "zip",
                "url": "https://bitbucket.org/ennerd/charm-options/get/5f543788815ead573c9faeed2314969eef86677f.zip",
                "reference": "5f543788815ead573c9faeed2314969eef86677f",
                "shasum": ""
            },
            "type": "library",
            "autoload": {
                "files": [
                    "AbstractOptions.php"
                ],
                "psr-4": {
                    "Charm\\Options\\": "src/"
                }
            },
            "notification-url": "https://packagist.org/downloads/",
            "license": [
                "MIT"
            ],
            "authors": [
                {
                    "name": "Frode Børli",
                    "email": "frode@ennerd.com"
                }
            ],
            "description": "A generic class for storing options while enforcing option types.",
            "homepage": "https://bitbucket.org/ennerd/charm-options",
            "support": {
                "source": "https://bitbucket.org/ennerd/charm-options/src/5f543788815ead573c9faeed2314969eef86677f/?at=1.1.1"
            },
            "time": "2024-05-16T08:07:39+00:00"
        },
        {
            "name": "phasync/phasync",
            "version": "dev-main",
            "source": {
                "type": "git",
                "url": "https://github.com/phasync/phasync.git",
                "reference": "5ca3895c1bd2acfc35e76e5cb68beeebe3505e5f"
            },
            "dist": {
                "type": "zip",
                "url": "https://api.github.com/repos/phasync/phasync/zipball/5ca3895c1bd2acfc35e76e5cb68beeebe3505e5f",
                "reference": "5ca3895c1bd2acfc35e76e5cb68beeebe3505e5f",
                "shasum": ""
            },
            "require": {
                "amphp/hpack": "^3.2",
                "charm/options": "^1.1",
                "psr/http-client": "^1.0",
                "psr/http-message": "^2.0"
            },
            "require-dev": {
                "pestphp/pest": "^2.34"
            },
            "default-branch": true,
            "type": "library",
            "autoload": {
                "files": [
                    "src/functions.php"
                ],
                "psr-4": {
                    "phasync\\": "src/"
                },
                "classmap": [
                    "phasync.php"
                ]
            },
            "notification-url": "https://packagist.org/downloads/",
            "license": [
                "MIT"
            ],
            "authors": [
                {
                    "name": "Frode Børli",
                    "email": "frode@ennerd.com"
                }
            ],
            "description": "phasync asyncio library for PHP, providing seamless and efficient coroutines via PHP fibers",
            "support": {
                "issues": "https://github.com/phasync/phasync/issues",
                "source": "https://github.com/phasync/phasync/tree/0.0.2-rc1"
            },
            "time": "2024-05-18T15:31:57+00:00"
        },
        {
            "name": "psr/http-client",
            "version": "dev-master",
            "source": {
                "type": "git",
                "url": "https://github.com/php-fig/http-client.git",
                "reference": "bb5906edc1c324c9a05aa0873d40117941e5fa90"
            },
            "dist": {
                "type": "zip",
                "url": "https://api.github.com/repos/php-fig/http-client/zipball/bb5906edc1c324c9a05aa0873d40117941e5fa90",
                "reference": "bb5906edc1c324c9a05aa0873d40117941e5fa90",
                "shasum": ""
            },
            "require": {
                "php": "^7.0 || ^8.0",
                "psr/http-message": "^1.0 || ^2.0"
            },
            "default-branch": true,
            "type": "library",
            "extra": {
                "branch-alias": {
                    "dev-master": "1.0.x-dev"
                }
            },
            "autoload": {
                "psr-4": {
                    "Psr\\Http\\Client\\": "src/"
                }
            },
            "notification-url": "https://packagist.org/downloads/",
            "license": [
                "MIT"
            ],
            "authors": [
                {
                    "name": "PHP-FIG",
                    "homepage": "https://www.php-fig.org/"
                }
            ],
            "description": "Common interface for HTTP clients",
            "homepage": "https://github.com/php-fig/http-client",
            "keywords": [
                "http",
                "http-client",
                "psr",
                "psr-18"
            ],
            "support": {
                "source": "https://github.com/php-fig/http-client"
            },
            "time": "2023-09-23T14:17:50+00:00"
        },
        {
            "name": "psr/http-message",
            "version": "dev-master",
            "source": {
                "type": "git",
                "url": "https://github.com/php-fig/http-message.git",
                "reference": "402d35bcb92c70c026d1a6a9883f06b2ead23d71"
            },
            "dist": {
                "type": "zip",
                "url": "https://api.github.com/repos/php-fig/http-message/zipball/402d35bcb92c70c026d1a6a9883f06b2ead23d71",
                "reference": "402d35bcb92c70c026d1a6a9883f06b2ead23d71",
                "shasum": ""
            },
            "require": {
                "php": "^7.2 || ^8.0"
            },
            "default-branch": true,
            "type": "library",
            "extra": {
                "branch-alias": {
                    "dev-master": "2.0.x-dev"
                }
            },
            "autoload": {
                "psr-4": {
                    "Psr\\Http\\Message\\": "src/"
                }
            },
            "notification-url": "https://packagist.org/downloads/",
            "license": [
                "MIT"
            ],
            "authors": [
                {
                    "name": "PHP-FIG",
                    "homepage": "https://www.php-fig.org/"
                }
            ],
            "description": "Common interface for HTTP messages",
            "homepage": "https://github.com/php-fig/http-message",
            "keywords": [
                "http",
                "http-message",
                "psr",
                "psr-7",
                "request",
                "response"
            ],
            "support": {
                "source": "https://github.com/php-fig/http-message/tree/2.0"
            },
            "time": "2023-04-04T09:54:51+00:00"
        }
    ],
    "packages-dev": [],
    "aliases": [],
    "minimum-stability": "dev",
    "stability-flags": [],
    "prefer-stable": false,
    "prefer-lowest": false,
    "platform": [],
    "platform-dev": [],
    "plugin-api-version": "2.6.0"
}
